
Microsoft Visual Studio Solution File, Format Version 12.00
# Visual Studio 15
VisualStudioVersion = 15.0.28307.1169
MinimumVisualStudioVersion = 10.0.40219.1
Project("{FAE04EC0-301F-11D3-BF4B-00C04F79EFBC}") = "Lab3", "Lab3\Lab3.csproj", "{9057958F-8501-4F94-8EEF-3395946C2CFF}"
EndProject
Global
	GlobalSection(SolutionConfigurationPlatforms) = preSolution
		Debug|Any CPU = Debug|Any CPU
		Release|Any CPU = Release|Any CPU
	EndGlobalSection
	GlobalSection(ProjectConfigurationPlatforms) = postSolution
		{9057958F-8501-4F94-8EEF-3395946C2CFF}.Debug|Any CPU.ActiveCfg = Debug|Any CPU
		{9057958F-8501-4F94-8EEF-3395946C2CFF}.Debug|Any CPU.Build.0 = Debug|Any CPU
		{9057958F-8501-4F94-8EEF-3395946C2CFF}.Release|Any CPU.ActiveCfg = Release|Any CPU
		{9057958F-8501-4F94-8EEF-3395946C2CFF}.Release|Any CPU.Build.0 = Release|Any CPU
	EndGlobalSection
	GlobalSection(SolutionProperties) = preSolution
		HideSolutionNode = FALSE
	EndGlobalSection
	GlobalSection(ExtensibilityGlobals) = postSolution
		SolutionGuid = {8F855CD4-71EC-4570-A2B2-246AF25A35DF}
	EndGlobalSection
EndGlobal
