
Microsoft Visual Studio Solution File, Format Version 12.00
# Visual Studio 15
VisualStudioVersion = 15.0.28307.1169
MinimumVisualStudioVersion = 10.0.40219.1
Project("{FAE04EC0-301F-11D3-BF4B-00C04F79EFBC}") = "WCF", "WCF\WCF.csproj", "{18C8D80F-18FE-44F8-A6F0-3EBC48C45E52}"
EndProject
Project("{FAE04EC0-301F-11D3-BF4B-00C04F79EFBC}") = "Host1", "Host1\Host1.csproj", "{2B8ED423-6FAE-40FA-9D7E-7B2B0396AAB1}"
	ProjectSection(ProjectDependencies) = postProject
		{18C8D80F-18FE-44F8-A6F0-3EBC48C45E52} = {18C8D80F-18FE-44F8-A6F0-3EBC48C45E52}
	EndProjectSection
EndProject
Project("{FAE04EC0-301F-11D3-BF4B-00C04F79EFBC}") = "Host2", "Host2\Host2.csproj", "{7B5F3B21-448C-4125-8AE0-6B5772D85D25}"
	ProjectSection(ProjectDependencies) = postProject
		{18C8D80F-18FE-44F8-A6F0-3EBC48C45E52} = {18C8D80F-18FE-44F8-A6F0-3EBC48C45E52}
	EndProjectSection
EndProject
Global
	GlobalSection(SolutionConfigurationPlatforms) = preSolution
		Debug|Any CPU = Debug|Any CPU
		Release|Any CPU = Release|Any CPU
	EndGlobalSection
	GlobalSection(ProjectConfigurationPlatforms) = postSolution
		{18C8D80F-18FE-44F8-A6F0-3EBC48C45E52}.Debug|Any CPU.ActiveCfg = Debug|Any CPU
		{18C8D80F-18FE-44F8-A6F0-3EBC48C45E52}.Debug|Any CPU.Build.0 = Debug|Any CPU
		{18C8D80F-18FE-44F8-A6F0-3EBC48C45E52}.Release|Any CPU.ActiveCfg = Release|Any CPU
		{18C8D80F-18FE-44F8-A6F0-3EBC48C45E52}.Release|Any CPU.Build.0 = Release|Any CPU
		{2B8ED423-6FAE-40FA-9D7E-7B2B0396AAB1}.Debug|Any CPU.ActiveCfg = Debug|Any CPU
		{2B8ED423-6FAE-40FA-9D7E-7B2B0396AAB1}.Debug|Any CPU.Build.0 = Debug|Any CPU
		{2B8ED423-6FAE-40FA-9D7E-7B2B0396AAB1}.Release|Any CPU.ActiveCfg = Release|Any CPU
		{2B8ED423-6FAE-40FA-9D7E-7B2B0396AAB1}.Release|Any CPU.Build.0 = Release|Any CPU
		{7B5F3B21-448C-4125-8AE0-6B5772D85D25}.Debug|Any CPU.ActiveCfg = Debug|Any CPU
		{7B5F3B21-448C-4125-8AE0-6B5772D85D25}.Debug|Any CPU.Build.0 = Debug|Any CPU
		{7B5F3B21-448C-4125-8AE0-6B5772D85D25}.Release|Any CPU.ActiveCfg = Release|Any CPU
		{7B5F3B21-448C-4125-8AE0-6B5772D85D25}.Release|Any CPU.Build.0 = Release|Any CPU
	EndGlobalSection
	GlobalSection(SolutionProperties) = preSolution
		HideSolutionNode = FALSE
	EndGlobalSection
	GlobalSection(ExtensibilityGlobals) = postSolution
		SolutionGuid = {511C6BDA-20C2-4F7E-B67A-D55E295B8E93}
	EndGlobalSection
EndGlobal
