
Microsoft Visual Studio Solution File, Format Version 12.00
# Visual Studio 15
VisualStudioVersion = 15.0.28307.1169
MinimumVisualStudioVersion = 10.0.40219.1
Project("{FAE04EC0-301F-11D3-BF4B-00C04F79EFBC}") = "Lab2", "Lab2\Lab2.csproj", "{8F3876D8-1472-438F-A152-D8CD06CBC0D2}"
EndProject
Global
	GlobalSection(SolutionConfigurationPlatforms) = preSolution
		Debug|Any CPU = Debug|Any CPU
		Release|Any CPU = Release|Any CPU
	EndGlobalSection
	GlobalSection(ProjectConfigurationPlatforms) = postSolution
		{8F3876D8-1472-438F-A152-D8CD06CBC0D2}.Debug|Any CPU.ActiveCfg = Debug|Any CPU
		{8F3876D8-1472-438F-A152-D8CD06CBC0D2}.Debug|Any CPU.Build.0 = Debug|Any CPU
		{8F3876D8-1472-438F-A152-D8CD06CBC0D2}.Release|Any CPU.ActiveCfg = Release|Any CPU
		{8F3876D8-1472-438F-A152-D8CD06CBC0D2}.Release|Any CPU.Build.0 = Release|Any CPU
	EndGlobalSection
	GlobalSection(SolutionProperties) = preSolution
		HideSolutionNode = FALSE
	EndGlobalSection
	GlobalSection(ExtensibilityGlobals) = postSolution
		SolutionGuid = {AE2E720D-4C2C-4967-926C-32EE2399F6FA}
	EndGlobalSection
EndGlobal
