
Microsoft Visual Studio Solution File, Format Version 12.00
# Visual Studio Version 16
VisualStudioVersion = 16.0.29306.81
MinimumVisualStudioVersion = 10.0.40219.1
Project("{FAE04EC0-301F-11D3-BF4B-00C04F79EFBC}") = "PWS_3", "PWS_3\PWS_3.csproj", "{64C8DC5A-CE67-439E-960A-C60CA2CD472C}"
EndProject
Global
	GlobalSection(SolutionConfigurationPlatforms) = preSolution
		Debug|Any CPU = Debug|Any CPU
		Release|Any CPU = Release|Any CPU
	EndGlobalSection
	GlobalSection(ProjectConfigurationPlatforms) = postSolution
		{64C8DC5A-CE67-439E-960A-C60CA2CD472C}.Debug|Any CPU.ActiveCfg = Debug|Any CPU
		{64C8DC5A-CE67-439E-960A-C60CA2CD472C}.Debug|Any CPU.Build.0 = Debug|Any CPU
		{64C8DC5A-CE67-439E-960A-C60CA2CD472C}.Release|Any CPU.ActiveCfg = Release|Any CPU
		{64C8DC5A-CE67-439E-960A-C60CA2CD472C}.Release|Any CPU.Build.0 = Release|Any CPU
	EndGlobalSection
	GlobalSection(SolutionProperties) = preSolution
		HideSolutionNode = FALSE
	EndGlobalSection
	GlobalSection(ExtensibilityGlobals) = postSolution
		SolutionGuid = {8D5643DF-D1E9-4AC8-8E77-298462F9FF6F}
	EndGlobalSection
EndGlobal
